version = 1
revision = 3
requires-python = ">=3.14"

[[package]]
name = "dearpygui"
version = "2.2"
source = { registry = "https://pypi.org/simple" }
wheels = [
    { url = "https://files.pythonhosted.org/packages/8b/76/3ccaec465021b647f13c83be42a635043a08255076984a658ed691701498/dearpygui-2.2-cp314-cp314-macosx_13_0_arm64.whl", hash = "sha256:22451146968729429ba37afa2602957dfefc03ff92dcc627dd4d85ba3f93e771", size = 1931385, upload-time = "2026-02-17T14:21:58.193Z" },
    { url = "https://files.pythonhosted.org/packages/52/ac/8e591f33a712563742fe77b0731c1c900fe2fcc3d3e75bd4c7d8e60057a8/dearpygui-2.2-cp314-cp314-manylinux1_x86_64.whl", hash = "sha256:dcc9377d8d9fe27f659ae6b016fe96aa37d8b26b57ce60c47985290e1be7801e", size = 2592691, upload-time = "2026-02-17T14:22:05.191Z" },
    { url = "https://files.pythonhosted.org/packages/f8/03/aeb4ebe09a0240c8c9337018d2ac3e087fd911f6051a3bb0131248fbd942/dearpygui-2.2-cp314-cp314-win_amd64.whl", hash = "sha256:fe3c8dc37be3ddce0356afb0c16721c0e485a4c94a831886935a0692bb9a9966", size = 1889279, upload-time = "2026-02-17T14:21:46.16Z" },
]

[[package]]
name = "hatchling"
version = "1.29.0"
source = { registry = "https://pypi.org/simple" }
dependencies = [
    { name = "packaging" },
    { name = "pathspec" },
    { name = "pluggy" },
    { name = "trove-classifiers" },
]
sdist = { url = "https://files.pythonhosted.org/packages/cf/9c/b4cfe330cd4f49cff17fd771154730555fa4123beb7f292cf0098b4e6c20/hatchling-1.29.0.tar.gz", hash = "sha256:793c31816d952cee405b83488ce001c719f325d9cda69f1fc4cd750527640ea6", size = 55656, upload-time = "2026-02-23T19:42:06.539Z" }
wheels = [
    { url = "https://files.pythonhosted.org/packages/d3/8a/44032265776062a89171285ede55a0bdaadc8ac00f27f0512a71a9e3e1c8/hatchling-1.29.0-py3-none-any.whl", hash = "sha256:50af9343281f34785fab12da82e445ed987a6efb34fd8c2fc0f6e6630dbcc1b0", size = 76356, upload-time = "2026-02-23T19:42:05.197Z" },
]

[[package]]
name = "loom-settings"
version = "0.1.0"
source = { editable = "." }
dependencies = [
    { name = "dearpygui" },
    { name = "tomlkit" },
]

[package.optional-dependencies]
dpg = [
    { name = "dearpygui" },
]

[package.dev-dependencies]
dev = [
    { name = "hatchling" },
]

[package.metadata]
requires-dist = [
    { name = "dearpygui", specifier = ">=2.2" },
    { name = "dearpygui", marker = "extra == 'dpg'", specifier = ">=2.2" },
    { name = "tomlkit", specifier = ">=0.14.0" },
]
provides-extras = ["dpg"]

[package.metadata.requires-dev]
dev = [{ name = "hatchling", specifier = ">=1.29.0" }]

[[package]]
name = "packaging"
version = "26.0"
source = { registry = "https://pypi.org/simple" }
sdist = { url = "https://files.pythonhosted.org/packages/65/ee/299d360cdc32edc7d2cf530f3accf79c4fca01e96ffc950d8a52213bd8e4/packaging-26.0.tar.gz", hash = "sha256:00243ae351a257117b6a241061796684b084ed1c516a08c48a3f7e147a9d80b4", size = 143416, upload-time = "2026-01-21T20:50:39.064Z" }
wheels = [
    { url = "https://files.pythonhosted.org/packages/b7/b9/c538f279a4e237a006a2c98387d081e9eb060d203d8ed34467cc0f0b9b53/packaging-26.0-py3-none-any.whl", hash = "sha256:b36f1fef9334a5588b4166f8bcd26a14e521f2b55e6b9de3aaa80d3ff7a37529", size = 74366, upload-time = "2026-01-21T20:50:37.788Z" },
]

[[package]]
name = "pathspec"
version = "1.0.4"
source = { registry = "https://pypi.org/simple" }
sdist = { url = "https://files.pythonhosted.org/packages/fa/36/e27608899f9b8d4dff0617b2d9ab17ca5608956ca44461ac14ac48b44015/pathspec-1.0.4.tar.gz", hash = "sha256:0210e2ae8a21a9137c0d470578cb0e595af87edaa6ebf12ff176f14a02e0e645", size = 131200, upload-time = "2026-01-27T03:59:46.938Z" }
wheels = [
    { url = "https://files.pythonhosted.org/packages/ef/3c/2c197d226f9ea224a9ab8d197933f9da0ae0aac5b6e0f884e2b8d9c8e9f7/pathspec-1.0.4-py3-none-any.whl", hash = "sha256:fb6ae2fd4e7c921a165808a552060e722767cfa526f99ca5156ed2ce45a5c723", size = 55206, upload-time = "2026-01-27T03:59:45.137Z" },
]

[[package]]
name = "pluggy"
version = "1.6.0"
source = { registry = "https://pypi.org/simple" }
sdist = { url = "https://files.pythonhosted.org/packages/f9/e2/3e91f31a7d2b083fe6ef3fa267035b518369d9511ffab804f839851d2779/pluggy-1.6.0.tar.gz", hash = "sha256:7dcc130b76258d33b90f61b658791dede3486c3e6bfb003ee5c9bfb396dd22f3", size = 69412, upload-time = "2025-05-15T12:30:07.975Z" }
wheels = [
    { url = "https://files.pythonhosted.org/packages/54/20/4d324d65cc6d9205fabedc306948156824eb9f0ee1633355a8f7ec5c66bf/pluggy-1.6.0-py3-none-any.whl", hash = "sha256:e920276dd6813095e9377c0bc5566d94c932c33b27a3e3945d8389c374dd4746", size = 20538, upload-time = "2025-05-15T12:30:06.134Z" },
]

[[package]]
name = "tomlkit"
version = "0.14.0"
source = { registry = "https://pypi.org/simple" }
sdist = { url = "https://files.pythonhosted.org/packages/c3/af/14b24e41977adb296d6bd1fb59402cf7d60ce364f90c890bd2ec65c43b5a/tomlkit-0.14.0.tar.gz", hash = "sha256:cf00efca415dbd57575befb1f6634c4f42d2d87dbba376128adb42c121b87064", size = 187167, upload-time = "2026-01-13T01:14:53.304Z" }
wheels = [
    { url = "https://files.pythonhosted.org/packages/b5/11/87d6d29fb5d237229d67973a6c9e06e048f01cf4994dee194ab0ea841814/tomlkit-0.14.0-py3-none-any.whl", hash = "sha256:592064ed85b40fa213469f81ac584f67a4f2992509a7c3ea2d632208623a3680", size = 39310, upload-time = "2026-01-13T01:14:51.965Z" },
]

[[package]]
name = "trove-classifiers"
version = "2026.1.14.14"
source = { registry = "https://pypi.org/simple" }
sdist = { url = "https://files.pythonhosted.org/packages/d8/43/7935f8ea93fcb6680bc10a6fdbf534075c198eeead59150dd5ed68449642/trove_classifiers-2026.1.14.14.tar.gz", hash = "sha256:00492545a1402b09d4858605ba190ea33243d361e2b01c9c296ce06b5c3325f3", size = 16997, upload-time = "2026-01-14T14:54:50.526Z" }
wheels = [
    { url = "https://files.pythonhosted.org/packages/bb/4a/2e5583e544bc437d5e8e54b47db87430df9031b29b48d17f26d129fa60c0/trove_classifiers-2026.1.14.14-py3-none-any.whl", hash = "sha256:1f9553927f18d0513d8e5ff80ab8980b8202ce37ecae0e3274ed2ef11880e74d", size = 14197, upload-time = "2026-01-14T14:54:49.067Z" },
]
